
Microsoft Visual Studio Solution File, Format Version 12.00
# Visual Studio 2013
VisualStudioVersion = 12.0.30723.0
MinimumVisualStudioVersion = 10.0.40219.1
Project("{FAE04EC0-301F-11D3-BF4B-00C04F79EFBC}") = "CocosPRD", "CocosPRD\CocosPRD.csproj", "{215F21B7-F91C-400E-A069-4BF5DC88E7AB}"
EndProject
Global
	GlobalSection(SolutionConfigurationPlatforms) = preSolution
		Debug|Any CPU = Debug|Any CPU
		Release|Any CPU = Release|Any CPU
	EndGlobalSection
	GlobalSection(ProjectConfigurationPlatforms) = postSolution
		{215F21B7-F91C-400E-A069-4BF5DC88E7AB}.Debug|Any CPU.ActiveCfg = Debug|Any CPU
		{215F21B7-F91C-400E-A069-4BF5DC88E7AB}.Debug|Any CPU.Build.0 = Debug|Any CPU
		{215F21B7-F91C-400E-A069-4BF5DC88E7AB}.Release|Any CPU.ActiveCfg = Release|Any CPU
		{215F21B7-F91C-400E-A069-4BF5DC88E7AB}.Release|Any CPU.Build.0 = Release|Any CPU
	EndGlobalSection
	GlobalSection(SolutionProperties) = preSolution
		HideSolutionNode = FALSE
	EndGlobalSection
EndGlobal
